// !$*UTF8*$!
{
	archiveVersion = 1;
	classes = {
	};
	objectVersion = 56;
	objects = {

/* Begin PBXBuildFile section */
		563995B22BED05F6003BD8C9 /* ImagePicker.swift in Sources */ = {isa = PBXBuildFile; fileRef = 563995B12BED05F6003BD8C9 /* ImagePicker.swift */; };
		563995B42BED3A93003BD8C9 /* PencilKitCanvas.swift in Sources */ = {isa = PBXBuildFile; fileRef = 563995B32BED3A93003BD8C9 /* PencilKitCanvas.swift */; };
		563995B62BED3F15003BD8C9 /* DrawingViewModel.swift in Sources */ = {isa = PBXBuildFile; fileRef = 563995B52BED3F15003BD8C9 /* DrawingViewModel.swift */; };
		563995B82BED3FF0003BD8C9 /* DrawingScreen.swift in Sources */ = {isa = PBXBuildFile; fileRef = 563995B72BED3FF0003BD8C9 /* DrawingScreen.swift */; };
		5654500C2BE8BAB500799B65 /* AuthorizationAezakmiApp.swift in Sources */ = {isa = PBXBuildFile; fileRef = 5654500B2BE8BAB500799B65 /* AuthorizationAezakmiApp.swift */; };
		5654500E2BE8BAB500799B65 /* ContentView.swift in Sources */ = {isa = PBXBuildFile; fileRef = 5654500D2BE8BAB500799B65 /* ContentView.swift */; };
		565450102BE8BAB700799B65 /* Assets.xcassets in Resources */ = {isa = PBXBuildFile; fileRef = 5654500F2BE8BAB700799B65 /* Assets.xcassets */; };
		565450132BE8BAB700799B65 /* Preview Assets.xcassets in Resources */ = {isa = PBXBuildFile; fileRef = 565450122BE8BAB700799B65 /* Preview Assets.xcassets */; };
		5654501D2BE8BC5D00799B65 /* Localizable.strings in Resources */ = {isa = PBXBuildFile; fileRef = 5654501C2BE8BC5D00799B65 /* Localizable.strings */; };
		56C01A3D2BE90214007C1E8E /* Extensions.swift in Sources */ = {isa = PBXBuildFile; fileRef = 56C01A3C2BE90214007C1E8E /* Extensions.swift */; };
		56FF2D2D2BE974D100EA3B88 /* ForgotPasswordView.swift in Sources */ = {isa = PBXBuildFile; fileRef = 56FF2D2C2BE974D100EA3B88 /* ForgotPasswordView.swift */; };
		56FF2D332BEC044200EA3B88 /* ViewModifiers.swift in Sources */ = {isa = PBXBuildFile; fileRef = 56FF2D322BEC044200EA3B88 /* ViewModifiers.swift */; };
		56FF2D372BEC06CD00EA3B88 /* GoogleLoginButton.swift in Sources */ = {isa = PBXBuildFile; fileRef = 56FF2D362BEC06CD00EA3B88 /* GoogleLoginButton.swift */; };
		56FF2D392BEC077200EA3B88 /* OrView.swift in Sources */ = {isa = PBXBuildFile; fileRef = 56FF2D382BEC077200EA3B88 /* OrView.swift */; };
		56FF2D3B2BEC07A100EA3B88 /* RegistrationView.swift in Sources */ = {isa = PBXBuildFile; fileRef = 56FF2D3A2BEC07A100EA3B88 /* RegistrationView.swift */; };
		56FF2D3D2BEC09D000EA3B88 /* SigningViewModel.swift in Sources */ = {isa = PBXBuildFile; fileRef = 56FF2D3C2BEC09D000EA3B88 /* SigningViewModel.swift */; };
		56FF2D3F2BEC0A1300EA3B88 /* LoginView.swift in Sources */ = {isa = PBXBuildFile; fileRef = 56FF2D3E2BEC0A1300EA3B88 /* LoginView.swift */; };
		56FF2D422BEC100300EA3B88 /* GoogleService-Info.plist in Resources */ = {isa = PBXBuildFile; fileRef = 56FF2D412BEC100300EA3B88 /* GoogleService-Info.plist */; };
		56FF2D452BEC128000EA3B88 /* Application_utility.swift in Sources */ = {isa = PBXBuildFile; fileRef = 56FF2D442BEC128000EA3B88 /* Application_utility.swift */; };
		56FF2D472BEC1AC700EA3B88 /* MainView.swift in Sources */ = {isa = PBXBuildFile; fileRef = 56FF2D462BEC1AC700EA3B88 /* MainView.swift */; };
		56FF2D492BEC3E0300EA3B88 /* GlobalMethods.swift in Sources */ = {isa = PBXBuildFile; fileRef = 56FF2D482BEC3E0300EA3B88 /* GlobalMethods.swift */; };
		982C08DD7E565A86DC0C8263 /* Pods_AuthorizationAezakmi.framework in Frameworks */ = {isa = PBXBuildFile; fileRef = 0840B86D3B3A6441ACC15635 /* Pods_AuthorizationAezakmi.framework */; };
/* End PBXBuildFile section */

/* Begin PBXFileReference section */
		0840B86D3B3A6441ACC15635 /* Pods_AuthorizationAezakmi.framework */ = {isa = PBXFileReference; explicitFileType = wrapper.framework; includeInIndex = 0; path = Pods_AuthorizationAezakmi.framework; sourceTree = BUILT_PRODUCTS_DIR; };
		1CB76B0CCBC8A86C795C0FEF /* Pods-AuthorizationAezakmi.debug.xcconfig */ = {isa = PBXFileReference; includeInIndex = 1; lastKnownFileType = text.xcconfig; name = "Pods-AuthorizationAezakmi.debug.xcconfig"; path = "Target Support Files/Pods-AuthorizationAezakmi/Pods-AuthorizationAezakmi.debug.xcconfig"; sourceTree = "<group>"; };
		46196CBDD7CDB672DC10A098 /* Pods-AuthorizationAezakmi.release.xcconfig */ = {isa = PBXFileReference; includeInIndex = 1; lastKnownFileType = text.xcconfig; name = "Pods-AuthorizationAezakmi.release.xcconfig"; path = "Target Support Files/Pods-AuthorizationAezakmi/Pods-AuthorizationAezakmi.release.xcconfig"; sourceTree = "<group>"; };
		563995B12BED05F6003BD8C9 /* ImagePicker.swift */ = {isa = PBXFileReference; lastKnownFileType = sourcecode.swift; path = ImagePicker.swift; sourceTree = "<group>"; };
		563995B32BED3A93003BD8C9 /* PencilKitCanvas.swift */ = {isa = PBXFileReference; lastKnownFileType = sourcecode.swift; path = PencilKitCanvas.swift; sourceTree = "<group>"; };
		563995B52BED3F15003BD8C9 /* DrawingViewModel.swift */ = {isa = PBXFileReference; lastKnownFileType = sourcecode.swift; path = DrawingViewModel.swift; sourceTree = "<group>"; };
		563995B72BED3FF0003BD8C9 /* DrawingScreen.swift */ = {isa = PBXFileReference; lastKnownFileType = sourcecode.swift; path = DrawingScreen.swift; sourceTree = "<group>"; };
		565450082BE8BAB500799B65 /* AuthorizationAezakmi.app */ = {isa = PBXFileReference; explicitFileType = wrapper.application; includeInIndex = 0; path = AuthorizationAezakmi.app; sourceTree = BUILT_PRODUCTS_DIR; };
		5654500B2BE8BAB500799B65 /* AuthorizationAezakmiApp.swift */ = {isa = PBXFileReference; lastKnownFileType = sourcecode.swift; path = AuthorizationAezakmiApp.swift; sourceTree = "<group>"; };
		5654500D2BE8BAB500799B65 /* ContentView.swift */ = {isa = PBXFileReference; lastKnownFileType = sourcecode.swift; path = ContentView.swift; sourceTree = "<group>"; };
		5654500F2BE8BAB700799B65 /* Assets.xcassets */ = {isa = PBXFileReference; lastKnownFileType = folder.assetcatalog; path = Assets.xcassets; sourceTree = "<group>"; };
		565450122BE8BAB700799B65 /* Preview Assets.xcassets */ = {isa = PBXFileReference; lastKnownFileType = folder.assetcatalog; path = "Preview Assets.xcassets"; sourceTree = "<group>"; };
		5654501B2BE8BC5D00799B65 /* en */ = {isa = PBXFileReference; lastKnownFileType = text.plist.strings; name = en; path = en.lproj/Localizable.strings; sourceTree = "<group>"; };
		5654501E2BE8BF2000799B65 /* ru */ = {isa = PBXFileReference; lastKnownFileType = text.plist.strings; name = ru; path = ru.lproj/Localizable.strings; sourceTree = "<group>"; };
		56C01A3C2BE90214007C1E8E /* Extensions.swift */ = {isa = PBXFileReference; lastKnownFileType = sourcecode.swift; path = Extensions.swift; sourceTree = "<group>"; };
		56FF2D2C2BE974D100EA3B88 /* ForgotPasswordView.swift */ = {isa = PBXFileReference; lastKnownFileType = sourcecode.swift; path = ForgotPasswordView.swift; sourceTree = "<group>"; };
		56FF2D322BEC044200EA3B88 /* ViewModifiers.swift */ = {isa = PBXFileReference; lastKnownFileType = sourcecode.swift; path = ViewModifiers.swift; sourceTree = "<group>"; };
		56FF2D362BEC06CD00EA3B88 /* GoogleLoginButton.swift */ = {isa = PBXFileReference; lastKnownFileType = sourcecode.swift; path = GoogleLoginButton.swift; sourceTree = "<group>"; };
		56FF2D382BEC077200EA3B88 /* OrView.swift */ = {isa = PBXFileReference; lastKnownFileType = sourcecode.swift; path = OrView.swift; sourceTree = "<group>"; };
		56FF2D3A2BEC07A100EA3B88 /* RegistrationView.swift */ = {isa = PBXFileReference; lastKnownFileType = sourcecode.swift; path = RegistrationView.swift; sourceTree = "<group>"; };
		56FF2D3C2BEC09D000EA3B88 /* SigningViewModel.swift */ = {isa = PBXFileReference; lastKnownFileType = sourcecode.swift; path = SigningViewModel.swift; sourceTree = "<group>"; };
		56FF2D3E2BEC0A1300EA3B88 /* LoginView.swift */ = {isa = PBXFileReference; lastKnownFileType = sourcecode.swift; path = LoginView.swift; sourceTree = "<group>"; };
		56FF2D402BEC0DE200EA3B88 /* Script.sh */ = {isa = PBXFileReference; lastKnownFileType = text.script.sh; path = Script.sh; sourceTree = "<group>"; };
		56FF2D412BEC100300EA3B88 /* GoogleService-Info.plist */ = {isa = PBXFileReference; fileEncoding = 4; lastKnownFileType = text.plist.xml; path = "GoogleService-Info.plist"; sourceTree = "<group>"; };
		56FF2D432BEC101D00EA3B88 /* Info.plist */ = {isa = PBXFileReference; lastKnownFileType = text.plist; path = Info.plist; sourceTree = "<group>"; };
		56FF2D442BEC128000EA3B88 /* Application_utility.swift */ = {isa = PBXFileReference; lastKnownFileType = sourcecode.swift; path = Application_utility.swift; sourceTree = "<group>"; };
		56FF2D462BEC1AC700EA3B88 /* MainView.swift */ = {isa = PBXFileReference; lastKnownFileType = sourcecode.swift; path = MainView.swift; sourceTree = "<group>"; };
		56FF2D482BEC3E0300EA3B88 /* GlobalMethods.swift */ = {isa = PBXFileReference; lastKnownFileType = sourcecode.swift; path = GlobalMethods.swift; sourceTree = "<group>"; };
/* End PBXFileReference section */

/* Begin PBXFrameworksBuildPhase section */
		565450052BE8BAB500799B65 /* Frameworks */ = {
			isa = PBXFrameworksBuildPhase;
			buildActionMask = 2147483647;
			files = (
				982C08DD7E565A86DC0C8263 /* Pods_AuthorizationAezakmi.framework in Frameworks */,
			);
			runOnlyForDeploymentPostprocessing = 0;
		};
/* End PBXFrameworksBuildPhase section */

/* Begin PBXGroup section */
		39C476BBD1F856572F37C839 /* Frameworks */ = {
			isa = PBXGroup;
			children = (
				0840B86D3B3A6441ACC15635 /* Pods_AuthorizationAezakmi.framework */,
			);
			name = Frameworks;
			sourceTree = "<group>";
		};
		56544FFF2BE8BAB500799B65 = {
			isa = PBXGroup;
			children = (
				5654500A2BE8BAB500799B65 /* AuthorizationAezakmi */,
				565450092BE8BAB500799B65 /* Products */,
				6C0D078409DAFC9D0E9DE60C /* Pods */,
				39C476BBD1F856572F37C839 /* Frameworks */,
			);
			sourceTree = "<group>";
		};
		565450092BE8BAB500799B65 /* Products */ = {
			isa = PBXGroup;
			children = (
				565450082BE8BAB500799B65 /* AuthorizationAezakmi.app */,
			);
			name = Products;
			sourceTree = "<group>";
		};
		5654500A2BE8BAB500799B65 /* AuthorizationAezakmi */ = {
			isa = PBXGroup;
			children = (
				56FF2D432BEC101D00EA3B88 /* Info.plist */,
				56FF2D312BEC043300EA3B88 /* Extensions */,
				56FF2D2E2BEBF5DA00EA3B88 /* Models */,
				56FF2D2F2BEBF5DE00EA3B88 /* Views */,
				56FF2D302BEBF5E300EA3B88 /* ViewModels */,
				5654501C2BE8BC5D00799B65 /* Localizable.strings */,
				5654500F2BE8BAB700799B65 /* Assets.xcassets */,
				5654500B2BE8BAB500799B65 /* AuthorizationAezakmiApp.swift */,
				56FF2D412BEC100300EA3B88 /* GoogleService-Info.plist */,
				565450112BE8BAB700799B65 /* Preview Content */,
				56FF2D402BEC0DE200EA3B88 /* Script.sh */,
			);
			path = AuthorizationAezakmi;
			sourceTree = "<group>";
		};
		565450112BE8BAB700799B65 /* Preview Content */ = {
			isa = PBXGroup;
			children = (
				565450122BE8BAB700799B65 /* Preview Assets.xcassets */,
			);
			path = "Preview Content";
			sourceTree = "<group>";
		};
		56FF2D2E2BEBF5DA00EA3B88 /* Models */ = {
			isa = PBXGroup;
			children = (
			);
			path = Models;
			sourceTree = "<group>";
		};
		56FF2D2F2BEBF5DE00EA3B88 /* Views */ = {
			isa = PBXGroup;
			children = (
				5654500D2BE8BAB500799B65 /* ContentView.swift */,
				56FF2D362BEC06CD00EA3B88 /* GoogleLoginButton.swift */,
				56FF2D382BEC077200EA3B88 /* OrView.swift */,
				56FF2D2C2BE974D100EA3B88 /* ForgotPasswordView.swift */,
				56FF2D3A2BEC07A100EA3B88 /* RegistrationView.swift */,
				56FF2D3E2BEC0A1300EA3B88 /* LoginView.swift */,
				56FF2D462BEC1AC700EA3B88 /* MainView.swift */,
				563995B12BED05F6003BD8C9 /* ImagePicker.swift */,
				563995B32BED3A93003BD8C9 /* PencilKitCanvas.swift */,
				563995B72BED3FF0003BD8C9 /* DrawingScreen.swift */,
			);
			path = Views;
			sourceTree = "<group>";
		};
		56FF2D302BEBF5E300EA3B88 /* ViewModels */ = {
			isa = PBXGroup;
			children = (
				56FF2D3C2BEC09D000EA3B88 /* SigningViewModel.swift */,
				563995B52BED3F15003BD8C9 /* DrawingViewModel.swift */,
			);
			path = ViewModels;
			sourceTree = "<group>";
		};
		56FF2D312BEC043300EA3B88 /* Extensions */ = {
			isa = PBXGroup;
			children = (
				56C01A3C2BE90214007C1E8E /* Extensions.swift */,
				56FF2D322BEC044200EA3B88 /* ViewModifiers.swift */,
				56FF2D442BEC128000EA3B88 /* Application_utility.swift */,
				56FF2D482BEC3E0300EA3B88 /* GlobalMethods.swift */,
			);
			path = Extensions;
			sourceTree = "<group>";
		};
		6C0D078409DAFC9D0E9DE60C /* Pods */ = {
			isa = PBXGroup;
			children = (
				1CB76B0CCBC8A86C795C0FEF /* Pods-AuthorizationAezakmi.debug.xcconfig */,
				46196CBDD7CDB672DC10A098 /* Pods-AuthorizationAezakmi.release.xcconfig */,
			);
			path = Pods;
			sourceTree = "<group>";
		};
/* End PBXGroup section */

/* Begin PBXNativeTarget section */
		565450072BE8BAB500799B65 /* AuthorizationAezakmi */ = {
			isa = PBXNativeTarget;
			buildConfigurationList = 565450162BE8BAB700799B65 /* Build configuration list for PBXNativeTarget "AuthorizationAezakmi" */;
			buildPhases = (
				E25857227645EF74F32794F6 /* [CP] Check Pods Manifest.lock */,
				565450042BE8BAB500799B65 /* Sources */,
				565450052BE8BAB500799B65 /* Frameworks */,
				565450062BE8BAB500799B65 /* Resources */,
				49002026589B839225AEB824 /* [CP] Embed Pods Frameworks */,
			);
			buildRules = (
			);
			dependencies = (
			);
			name = AuthorizationAezakmi;
			productName = AuthorizationAezakmi;
			productReference = 565450082BE8BAB500799B65 /* AuthorizationAezakmi.app */;
			productType = "com.apple.product-type.application";
		};
/* End PBXNativeTarget section */

/* Begin PBXProject section */
		565450002BE8BAB500799B65 /* Project object */ = {
			isa = PBXProject;
			attributes = {
				BuildIndependentTargetsInParallel = 1;
				LastSwiftUpdateCheck = 1530;
				LastUpgradeCheck = 1530;
				TargetAttributes = {
					565450072BE8BAB500799B65 = {
						CreatedOnToolsVersion = 15.3;
					};
				};
			};
			buildConfigurationList = 565450032BE8BAB500799B65 /* Build configuration list for PBXProject "AuthorizationAezakmi" */;
			compatibilityVersion = "Xcode 14.0";
			developmentRegion = en;
			hasScannedForEncodings = 0;
			knownRegions = (
				en,
				Base,
				ru,
			);
			mainGroup = 56544FFF2BE8BAB500799B65;
			productRefGroup = 565450092BE8BAB500799B65 /* Products */;
			projectDirPath = "";
			projectRoot = "";
			targets = (
				565450072BE8BAB500799B65 /* AuthorizationAezakmi */,
			);
		};
/* End PBXProject section */

/* Begin PBXResourcesBuildPhase section */
		565450062BE8BAB500799B65 /* Resources */ = {
			isa = PBXResourcesBuildPhase;
			buildActionMask = 2147483647;
			files = (
				56FF2D422BEC100300EA3B88 /* GoogleService-Info.plist in Resources */,
				565450132BE8BAB700799B65 /* Preview Assets.xcassets in Resources */,
				5654501D2BE8BC5D00799B65 /* Localizable.strings in Resources */,
				565450102BE8BAB700799B65 /* Assets.xcassets in Resources */,
			);
			runOnlyForDeploymentPostprocessing = 0;
		};
/* End PBXResourcesBuildPhase section */

/* Begin PBXShellScriptBuildPhase section */
		49002026589B839225AEB824 /* [CP] Embed Pods Frameworks */ = {
			isa = PBXShellScriptBuildPhase;
			buildActionMask = 2147483647;
			files = (
			);
			inputFileListPaths = (
				"${PODS_ROOT}/Target Support Files/Pods-AuthorizationAezakmi/Pods-AuthorizationAezakmi-frameworks-${CONFIGURATION}-input-files.xcfilelist",
			);
			name = "[CP] Embed Pods Frameworks";
			outputFileListPaths = (
				"${PODS_ROOT}/Target Support Files/Pods-AuthorizationAezakmi/Pods-AuthorizationAezakmi-frameworks-${CONFIGURATION}-output-files.xcfilelist",
			);
			runOnlyForDeploymentPostprocessing = 0;
			shellPath = /bin/sh;
			shellScript = "\"${PODS_ROOT}/Target Support Files/Pods-AuthorizationAezakmi/Pods-AuthorizationAezakmi-frameworks.sh\"\n";
			showEnvVarsInLog = 0;
		};
		E25857227645EF74F32794F6 /* [CP] Check Pods Manifest.lock */ = {
			isa = PBXShellScriptBuildPhase;
			buildActionMask = 2147483647;
			files = (
			);
			inputFileListPaths = (
			);
			inputPaths = (
				"${PODS_PODFILE_DIR_PATH}/Podfile.lock",
				"${PODS_ROOT}/Manifest.lock",
			);
			name = "[CP] Check Pods Manifest.lock";
			outputFileListPaths = (
			);
			outputPaths = (
				"$(DERIVED_FILE_DIR)/Pods-AuthorizationAezakmi-checkManifestLockResult.txt",
			);
			runOnlyForDeploymentPostprocessing = 0;
			shellPath = /bin/sh;
			shellScript = "diff \"${PODS_PODFILE_DIR_PATH}/Podfile.lock\" \"${PODS_ROOT}/Manifest.lock\" > /dev/null\nif [ $? != 0 ] ; then\n    # print error to STDERR\n    echo \"error: The sandbox is not in sync with the Podfile.lock. Run 'pod install' or update your CocoaPods installation.\" >&2\n    exit 1\nfi\n# This output is used by Xcode 'outputs' to avoid re-running this script phase.\necho \"SUCCESS\" > \"${SCRIPT_OUTPUT_FILE_0}\"\n";
			showEnvVarsInLog = 0;
		};
/* End PBXShellScriptBuildPhase section */

/* Begin PBXSourcesBuildPhase section */
		565450042BE8BAB500799B65 /* Sources */ = {
			isa = PBXSourcesBuildPhase;
			buildActionMask = 2147483647;
			files = (
				56FF2D3D2BEC09D000EA3B88 /* SigningViewModel.swift in Sources */,
				56FF2D472BEC1AC700EA3B88 /* MainView.swift in Sources */,
				56FF2D372BEC06CD00EA3B88 /* GoogleLoginButton.swift in Sources */,
				563995B22BED05F6003BD8C9 /* ImagePicker.swift in Sources */,
				56FF2D452BEC128000EA3B88 /* Application_utility.swift in Sources */,
				563995B82BED3FF0003BD8C9 /* DrawingScreen.swift in Sources */,
				56FF2D492BEC3E0300EA3B88 /* GlobalMethods.swift in Sources */,
				56FF2D332BEC044200EA3B88 /* ViewModifiers.swift in Sources */,
				5654500E2BE8BAB500799B65 /* ContentView.swift in Sources */,
				56FF2D392BEC077200EA3B88 /* OrView.swift in Sources */,
				563995B62BED3F15003BD8C9 /* DrawingViewModel.swift in Sources */,
				563995B42BED3A93003BD8C9 /* PencilKitCanvas.swift in Sources */,
				56C01A3D2BE90214007C1E8E /* Extensions.swift in Sources */,
				56FF2D2D2BE974D100EA3B88 /* ForgotPasswordView.swift in Sources */,
				5654500C2BE8BAB500799B65 /* AuthorizationAezakmiApp.swift in Sources */,
				56FF2D3F2BEC0A1300EA3B88 /* LoginView.swift in Sources */,
				56FF2D3B2BEC07A100EA3B88 /* RegistrationView.swift in Sources */,
			);
			runOnlyForDeploymentPostprocessing = 0;
		};
/* End PBXSourcesBuildPhase section */

/* Begin PBXVariantGroup section */
		5654501C2BE8BC5D00799B65 /* Localizable.strings */ = {
			isa = PBXVariantGroup;
			children = (
				5654501B2BE8BC5D00799B65 /* en */,
				5654501E2BE8BF2000799B65 /* ru */,
			);
			name = Localizable.strings;
			sourceTree = "<group>";
		};
/* End PBXVariantGroup section */

/* Begin XCBuildConfiguration section */
		565450142BE8BAB700799B65 /* Debug */ = {
			isa = XCBuildConfiguration;
			buildSettings = {
				ALWAYS_SEARCH_USER_PATHS = NO;
				ASSETCATALOG_COMPILER_GENERATE_SWIFT_ASSET_SYMBOL_EXTENSIONS = YES;
				CLANG_ANALYZER_LOCALIZABILITY_NONLOCALIZED = YES;
				CLANG_ANALYZER_NONNULL = YES;
				CLANG_ANALYZER_NUMBER_OBJECT_CONVERSION = YES_AGGRESSIVE;
				CLANG_CXX_LANGUAGE_STANDARD = "gnu++20";
				CLANG_ENABLE_MODULES = YES;
				CLANG_ENABLE_OBJC_ARC = YES;
				CLANG_ENABLE_OBJC_WEAK = YES;
				CLANG_WARN_BLOCK_CAPTURE_AUTORELEASING = YES;
				CLANG_WARN_BOOL_CONVERSION = YES;
				CLANG_WARN_COMMA = YES;
				CLANG_WARN_CONSTANT_CONVERSION = YES;
				CLANG_WARN_DEPRECATED_OBJC_IMPLEMENTATIONS = YES;
				CLANG_WARN_DIRECT_OBJC_ISA_USAGE = YES_ERROR;
				CLANG_WARN_DOCUMENTATION_COMMENTS = YES;
				CLANG_WARN_EMPTY_BODY = YES;
				CLANG_WARN_ENUM_CONVERSION = YES;
				CLANG_WARN_INFINITE_RECURSION = YES;
				CLANG_WARN_INT_CONVERSION = YES;
				CLANG_WARN_NON_LITERAL_NULL_CONVERSION = YES;
				CLANG_WARN_OBJC_IMPLICIT_RETAIN_SELF = YES;
				CLANG_WARN_OBJC_LITERAL_CONVERSION = YES;
				CLANG_WARN_OBJC_ROOT_CLASS = YES_ERROR;
				CLANG_WARN_QUOTED_INCLUDE_IN_FRAMEWORK_HEADER = YES;
				CLANG_WARN_RANGE_LOOP_ANALYSIS = YES;
				CLANG_WARN_STRICT_PROTOTYPES = YES;
				CLANG_WARN_SUSPICIOUS_MOVE = YES;
				CLANG_WARN_UNGUARDED_AVAILABILITY = YES_AGGRESSIVE;
				CLANG_WARN_UNREACHABLE_CODE = YES;
				CLANG_WARN__DUPLICATE_METHOD_MATCH = YES;
				COPY_PHASE_STRIP = NO;
				DEBUG_INFORMATION_FORMAT = dwarf;
				ENABLE_STRICT_OBJC_MSGSEND = YES;
				ENABLE_TESTABILITY = YES;
				ENABLE_USER_SCRIPT_SANDBOXING = NO;
				GCC_C_LANGUAGE_STANDARD = gnu17;
				GCC_DYNAMIC_NO_PIC = NO;
				GCC_NO_COMMON_BLOCKS = YES;
				GCC_OPTIMIZATION_LEVEL = 0;
				GCC_PREPROCESSOR_DEFINITIONS = (
					"DEBUG=1",
					"$(inherited)",
				);
				GCC_WARN_64_TO_32_BIT_CONVERSION = YES;
				GCC_WARN_ABOUT_RETURN_TYPE = YES_ERROR;
				GCC_WARN_UNDECLARED_SELECTOR = YES;
				GCC_WARN_UNINITIALIZED_AUTOS = YES_AGGRESSIVE;
				GCC_WARN_UNUSED_FUNCTION = YES;
				GCC_WARN_UNUSED_VARIABLE = YES;
				IPHONEOS_DEPLOYMENT_TARGET = 17.4;
				LOCALIZATION_PREFERS_STRING_CATALOGS = YES;
				MTL_ENABLE_DEBUG_INFO = INCLUDE_SOURCE;
				MTL_FAST_MATH = YES;
				ONLY_ACTIVE_ARCH = YES;
				SDKROOT = iphoneos;
				SWIFT_ACTIVE_COMPILATION_CONDITIONS = "DEBUG $(inherited)";
				SWIFT_OPTIMIZATION_LEVEL = "-Onone";
			};
			name = Debug;
		};
		565450152BE8BAB700799B65 /* Release */ = {
			isa = XCBuildConfiguration;
			buildSettings = {
				ALWAYS_SEARCH_USER_PATHS = NO;
				ASSETCATALOG_COMPILER_GENERATE_SWIFT_ASSET_SYMBOL_EXTENSIONS = YES;
				CLANG_ANALYZER_LOCALIZABILITY_NONLOCALIZED = YES;
				CLANG_ANALYZER_NONNULL = YES;
				CLANG_ANALYZER_NUMBER_OBJECT_CONVERSION = YES_AGGRESSIVE;
				CLANG_CXX_LANGUAGE_STANDARD = "gnu++20";
				CLANG_ENABLE_MODULES = YES;
				CLANG_ENABLE_OBJC_ARC = YES;
				CLANG_ENABLE_OBJC_WEAK = YES;
				CLANG_WARN_BLOCK_CAPTURE_AUTORELEASING = YES;
				CLANG_WARN_BOOL_CONVERSION = YES;
				CLANG_WARN_COMMA = YES;
				CLANG_WARN_CONSTANT_CONVERSION = YES;
				CLANG_WARN_DEPRECATED_OBJC_IMPLEMENTATIONS = YES;
				CLANG_WARN_DIRECT_OBJC_ISA_USAGE = YES_ERROR;
				CLANG_WARN_DOCUMENTATION_COMMENTS = YES;
				CLANG_WARN_EMPTY_BODY = YES;
				CLANG_WARN_ENUM_CONVERSION = YES;
				CLANG_WARN_INFINITE_RECURSION = YES;
				CLANG_WARN_INT_CONVERSION = YES;
				CLANG_WARN_NON_LITERAL_NULL_CONVERSION = YES;
				CLANG_WARN_OBJC_IMPLICIT_RETAIN_SELF = YES;
				CLANG_WARN_OBJC_LITERAL_CONVERSION = YES;
				CLANG_WARN_OBJC_ROOT_CLASS = YES_ERROR;
				CLANG_WARN_QUOTED_INCLUDE_IN_FRAMEWORK_HEADER = YES;
				CLANG_WARN_RANGE_LOOP_ANALYSIS = YES;
				CLANG_WARN_STRICT_PROTOTYPES = YES;
				CLANG_WARN_SUSPICIOUS_MOVE = YES;
				CLANG_WARN_UNGUARDED_AVAILABILITY = YES_AGGRESSIVE;
				CLANG_WARN_UNREACHABLE_CODE = YES;
				CLANG_WARN__DUPLICATE_METHOD_MATCH = YES;
				COPY_PHASE_STRIP = NO;
				DEBUG_INFORMATION_FORMAT = "dwarf-with-dsym";
				ENABLE_NS_ASSERTIONS = NO;
				ENABLE_STRICT_OBJC_MSGSEND = YES;
				ENABLE_USER_SCRIPT_SANDBOXING = NO;
				GCC_C_LANGUAGE_STANDARD = gnu17;
				GCC_NO_COMMON_BLOCKS = YES;
				GCC_WARN_64_TO_32_BIT_CONVERSION = YES;
				GCC_WARN_ABOUT_RETURN_TYPE = YES_ERROR;
				GCC_WARN_UNDECLARED_SELECTOR = YES;
				GCC_WARN_UNINITIALIZED_AUTOS = YES_AGGRESSIVE;
				GCC_WARN_UNUSED_FUNCTION = YES;
				GCC_WARN_UNUSED_VARIABLE = YES;
				IPHONEOS_DEPLOYMENT_TARGET = 17.4;
				LOCALIZATION_PREFERS_STRING_CATALOGS = YES;
				MTL_ENABLE_DEBUG_INFO = NO;
				MTL_FAST_MATH = YES;
				SDKROOT = iphoneos;
				SWIFT_COMPILATION_MODE = wholemodule;
				VALIDATE_PRODUCT = YES;
			};
			name = Release;
		};
		565450172BE8BAB700799B65 /* Debug */ = {
			isa = XCBuildConfiguration;
			baseConfigurationReference = 1CB76B0CCBC8A86C795C0FEF /* Pods-AuthorizationAezakmi.debug.xcconfig */;
			buildSettings = {
				ASSETCATALOG_COMPILER_APPICON_NAME = AppIcon;
				ASSETCATALOG_COMPILER_GLOBAL_ACCENT_COLOR_NAME = AccentColor;
				CODE_SIGN_STYLE = Automatic;
				CURRENT_PROJECT_VERSION = 1;
				DEVELOPMENT_ASSET_PATHS = "\"AuthorizationAezakmi/Preview Content\"";
				DEVELOPMENT_TEAM = D3C4YVDR4G;
				ENABLE_PREVIEWS = YES;
				GENERATE_INFOPLIST_FILE = YES;
				INFOPLIST_FILE = AuthorizationAezakmi/Info.plist;
				INFOPLIST_KEY_UIApplicationSceneManifest_Generation = YES;
				INFOPLIST_KEY_UIApplicationSupportsIndirectInputEvents = YES;
				INFOPLIST_KEY_UILaunchScreen_Generation = YES;
				INFOPLIST_KEY_UISupportedInterfaceOrientations_iPad = "UIInterfaceOrientationPortrait UIInterfaceOrientationPortraitUpsideDown UIInterfaceOrientationLandscapeLeft UIInterfaceOrientationLandscapeRight";
				INFOPLIST_KEY_UISupportedInterfaceOrientations_iPhone = "UIInterfaceOrientationPortrait UIInterfaceOrientationLandscapeLeft UIInterfaceOrientationLandscapeRight";
				IPHONEOS_DEPLOYMENT_TARGET = 17.0;
				LD_RUNPATH_SEARCH_PATHS = (
					"$(inherited)",
					"@executable_path/Frameworks",
				);
				MARKETING_VERSION = 1.0;
				PRODUCT_BUNDLE_IDENTIFIER = com.magzhanzhumaly.AuthorizationAezakmi;
				PRODUCT_NAME = "$(TARGET_NAME)";
				SWIFT_EMIT_LOC_STRINGS = YES;
				SWIFT_VERSION = 5.0;
				TARGETED_DEVICE_FAMILY = "1,2";
			};
			name = Debug;
		};
		565450182BE8BAB700799B65 /* Release */ = {
			isa = XCBuildConfiguration;
			baseConfigurationReference = 46196CBDD7CDB672DC10A098 /* Pods-AuthorizationAezakmi.release.xcconfig */;
			buildSettings = {
				ASSETCATALOG_COMPILER_APPICON_NAME = AppIcon;
				ASSETCATALOG_COMPILER_GLOBAL_ACCENT_COLOR_NAME = AccentColor;
				CODE_SIGN_STYLE = Automatic;
				CURRENT_PROJECT_VERSION = 1;
				DEVELOPMENT_ASSET_PATHS = "\"AuthorizationAezakmi/Preview Content\"";
				DEVELOPMENT_TEAM = D3C4YVDR4G;
				ENABLE_PREVIEWS = YES;
				GENERATE_INFOPLIST_FILE = YES;
				INFOPLIST_FILE = AuthorizationAezakmi/Info.plist;
				INFOPLIST_KEY_UIApplicationSceneManifest_Generation = YES;
				INFOPLIST_KEY_UIApplicationSupportsIndirectInputEvents = YES;
				INFOPLIST_KEY_UILaunchScreen_Generation = YES;
				INFOPLIST_KEY_UISupportedInterfaceOrientations_iPad = "UIInterfaceOrientationPortrait UIInterfaceOrientationPortraitUpsideDown UIInterfaceOrientationLandscapeLeft UIInterfaceOrientationLandscapeRight";
				INFOPLIST_KEY_UISupportedInterfaceOrientations_iPhone = "UIInterfaceOrientationPortrait UIInterfaceOrientationLandscapeLeft UIInterfaceOrientationLandscapeRight";
				IPHONEOS_DEPLOYMENT_TARGET = 17.0;
				LD_RUNPATH_SEARCH_PATHS = (
					"$(inherited)",
					"@executable_path/Frameworks",
				);
				MARKETING_VERSION = 1.0;
				PRODUCT_BUNDLE_IDENTIFIER = com.magzhanzhumaly.AuthorizationAezakmi;
				PRODUCT_NAME = "$(TARGET_NAME)";
				SWIFT_EMIT_LOC_STRINGS = YES;
				SWIFT_VERSION = 5.0;
				TARGETED_DEVICE_FAMILY = "1,2";
			};
			name = Release;
		};
/* End XCBuildConfiguration section */

/* Begin XCConfigurationList section */
		565450032BE8BAB500799B65 /* Build configuration list for PBXProject "AuthorizationAezakmi" */ = {
			isa = XCConfigurationList;
			buildConfigurations = (
				565450142BE8BAB700799B65 /* Debug */,
				565450152BE8BAB700799B65 /* Release */,
			);
			defaultConfigurationIsVisible = 0;
			defaultConfigurationName = Release;
		};
		565450162BE8BAB700799B65 /* Build configuration list for PBXNativeTarget "AuthorizationAezakmi" */ = {
			isa = XCConfigurationList;
			buildConfigurations = (
				565450172BE8BAB700799B65 /* Debug */,
				565450182BE8BAB700799B65 /* Release */,
			);
			defaultConfigurationIsVisible = 0;
			defaultConfigurationName = Release;
		};
/* End XCConfigurationList section */
	};
	rootObject = 565450002BE8BAB500799B65 /* Project object */;
}
